
Microsoft Visual Studio Solution File, Format Version 12.00
# Visual Studio Version 17
VisualStudioVersion = 17.13.35806.99
MinimumVisualStudioVersion = 10.0.40219.1
Project("{FAE04EC0-301F-11D3-BF4B-00C04F79EFBC}") = "Domain", "Domain\Domain.csproj", "{BDFAB88E-F288-4C00-A4F3-D5DD63971FDD}"
EndProject
Project("{2150E333-8FDC-42A3-9474-1A3956D46DE8}") = "src", "src", "{02EA681E-C7D8-13C7-8484-4AC65E1B71E8}"
EndProject
Project("{2150E333-8FDC-42A3-9474-1A3956D46DE8}") = "Core", "Core", "{B5316BF2-1547-4189-8AA1-82C2C2EBE2C5}"
EndProject
Project("{2150E333-8FDC-42A3-9474-1A3956D46DE8}") = "External", "External", "{263EEBFB-2618-4E1A-B326-D29237825EF3}"
EndProject
Project("{FAE04EC0-301F-11D3-BF4B-00C04F79EFBC}") = "Application", "Application\Application.csproj", "{5EA41C12-2A38-4950-9B73-2057DCFA4AA1}"
EndProject
Project("{FAE04EC0-301F-11D3-BF4B-00C04F79EFBC}") = "Infrastructure", "Infrastructure\Infrastructure.csproj", "{85E40E3D-1687-4658-A0B2-ADA327718328}"
EndProject
Project("{FAE04EC0-301F-11D3-BF4B-00C04F79EFBC}") = "Presentation", "Presentation\Presentation.csproj", "{B5202182-9A7D-4B45-AD2E-9C5FA319EB44}"
EndProject
Project("{FAE04EC0-301F-11D3-BF4B-00C04F79EFBC}") = "TOIMS.API", "TOIMS.API\TOIMS.API.csproj", "{0A4B3D27-5B4D-955C-AFA5-81DF2F79A43F}"
EndProject
Project("{FAE04EC0-301F-11D3-BF4B-00C04F79EFBC}") = "EGIS_Management.AppHost", "EGIS_Management.AppHost\EGIS_Management.AppHost.csproj", "{50E638F0-1260-49C1-B4D5-85360ABB9E00}"
EndProject
Project("{FAE04EC0-301F-11D3-BF4B-00C04F79EFBC}") = "EGIS_Management.ServiceDefaults", "EGIS_Management.ServiceDefaults\EGIS_Management.ServiceDefaults.csproj", "{ECB41E9C-7DC9-B7FF-C300-976B9E6081DF}"
EndProject
Project("{2150E333-8FDC-42A3-9474-1A3956D46DE8}") = "test", "test", "{7E04FF97-38AE-4DD9-A189-1E470A24853F}"
EndProject
Project("{FAE04EC0-301F-11D3-BF4B-00C04F79EFBC}") = "Architecture.Tests", "Architecture.Tests\Architecture.Tests.csproj", "{20ACBCB5-FD39-418E-9F28-AE0A142A656B}"
EndProject
Project("{FAE04EC0-301F-11D3-BF4B-00C04F79EFBC}") = "bpltas.api", "bpltas.api\bpltas.api.csproj", "{8C24F984-EDA9-02C7-3715-7991FF85B7EE}"
EndProject
Project("{FAE04EC0-301F-11D3-BF4B-00C04F79EFBC}") = "rptasfaas.api", "rptasfaas.api\rptasfaas.api.csproj", "{E7BDE41E-4F60-7BF8-1EAF-A40058BE071D}"
EndProject
Global
	GlobalSection(SolutionConfigurationPlatforms) = preSolution
		Debug|Any CPU = Debug|Any CPU
		Release|Any CPU = Release|Any CPU
	EndGlobalSection
	GlobalSection(ProjectConfigurationPlatforms) = postSolution
		{BDFAB88E-F288-4C00-A4F3-D5DD63971FDD}.Debug|Any CPU.ActiveCfg = Debug|Any CPU
		{BDFAB88E-F288-4C00-A4F3-D5DD63971FDD}.Debug|Any CPU.Build.0 = Debug|Any CPU
		{BDFAB88E-F288-4C00-A4F3-D5DD63971FDD}.Release|Any CPU.ActiveCfg = Release|Any CPU
		{BDFAB88E-F288-4C00-A4F3-D5DD63971FDD}.Release|Any CPU.Build.0 = Release|Any CPU
		{5EA41C12-2A38-4950-9B73-2057DCFA4AA1}.Debug|Any CPU.ActiveCfg = Debug|Any CPU
		{5EA41C12-2A38-4950-9B73-2057DCFA4AA1}.Debug|Any CPU.Build.0 = Debug|Any CPU
		{5EA41C12-2A38-4950-9B73-2057DCFA4AA1}.Release|Any CPU.ActiveCfg = Release|Any CPU
		{5EA41C12-2A38-4950-9B73-2057DCFA4AA1}.Release|Any CPU.Build.0 = Release|Any CPU
		{85E40E3D-1687-4658-A0B2-ADA327718328}.Debug|Any CPU.ActiveCfg = Debug|Any CPU
		{85E40E3D-1687-4658-A0B2-ADA327718328}.Debug|Any CPU.Build.0 = Debug|Any CPU
		{85E40E3D-1687-4658-A0B2-ADA327718328}.Release|Any CPU.ActiveCfg = Release|Any CPU
		{85E40E3D-1687-4658-A0B2-ADA327718328}.Release|Any CPU.Build.0 = Release|Any CPU
		{B5202182-9A7D-4B45-AD2E-9C5FA319EB44}.Debug|Any CPU.ActiveCfg = Debug|Any CPU
		{B5202182-9A7D-4B45-AD2E-9C5FA319EB44}.Debug|Any CPU.Build.0 = Debug|Any CPU
		{B5202182-9A7D-4B45-AD2E-9C5FA319EB44}.Release|Any CPU.ActiveCfg = Release|Any CPU
		{B5202182-9A7D-4B45-AD2E-9C5FA319EB44}.Release|Any CPU.Build.0 = Release|Any CPU
		{0A4B3D27-5B4D-955C-AFA5-81DF2F79A43F}.Debug|Any CPU.ActiveCfg = Debug|Any CPU
		{0A4B3D27-5B4D-955C-AFA5-81DF2F79A43F}.Debug|Any CPU.Build.0 = Debug|Any CPU
		{0A4B3D27-5B4D-955C-AFA5-81DF2F79A43F}.Release|Any CPU.ActiveCfg = Release|Any CPU
		{0A4B3D27-5B4D-955C-AFA5-81DF2F79A43F}.Release|Any CPU.Build.0 = Release|Any CPU
		{50E638F0-1260-49C1-B4D5-85360ABB9E00}.Debug|Any CPU.ActiveCfg = Debug|Any CPU
		{50E638F0-1260-49C1-B4D5-85360ABB9E00}.Debug|Any CPU.Build.0 = Debug|Any CPU
		{50E638F0-1260-49C1-B4D5-85360ABB9E00}.Release|Any CPU.ActiveCfg = Release|Any CPU
		{50E638F0-1260-49C1-B4D5-85360ABB9E00}.Release|Any CPU.Build.0 = Release|Any CPU
		{ECB41E9C-7DC9-B7FF-C300-976B9E6081DF}.Debug|Any CPU.ActiveCfg = Debug|Any CPU
		{ECB41E9C-7DC9-B7FF-C300-976B9E6081DF}.Debug|Any CPU.Build.0 = Debug|Any CPU
		{ECB41E9C-7DC9-B7FF-C300-976B9E6081DF}.Release|Any CPU.ActiveCfg = Release|Any CPU
		{ECB41E9C-7DC9-B7FF-C300-976B9E6081DF}.Release|Any CPU.Build.0 = Release|Any CPU
		{20ACBCB5-FD39-418E-9F28-AE0A142A656B}.Debug|Any CPU.ActiveCfg = Debug|Any CPU
		{20ACBCB5-FD39-418E-9F28-AE0A142A656B}.Debug|Any CPU.Build.0 = Debug|Any CPU
		{20ACBCB5-FD39-418E-9F28-AE0A142A656B}.Release|Any CPU.ActiveCfg = Release|Any CPU
		{20ACBCB5-FD39-418E-9F28-AE0A142A656B}.Release|Any CPU.Build.0 = Release|Any CPU
		{8C24F984-EDA9-02C7-3715-7991FF85B7EE}.Debug|Any CPU.ActiveCfg = Debug|Any CPU
		{8C24F984-EDA9-02C7-3715-7991FF85B7EE}.Debug|Any CPU.Build.0 = Debug|Any CPU
		{8C24F984-EDA9-02C7-3715-7991FF85B7EE}.Release|Any CPU.ActiveCfg = Release|Any CPU
		{8C24F984-EDA9-02C7-3715-7991FF85B7EE}.Release|Any CPU.Build.0 = Release|Any CPU
		{E7BDE41E-4F60-7BF8-1EAF-A40058BE071D}.Debug|Any CPU.ActiveCfg = Debug|Any CPU
		{E7BDE41E-4F60-7BF8-1EAF-A40058BE071D}.Debug|Any CPU.Build.0 = Debug|Any CPU
		{E7BDE41E-4F60-7BF8-1EAF-A40058BE071D}.Release|Any CPU.ActiveCfg = Release|Any CPU
		{E7BDE41E-4F60-7BF8-1EAF-A40058BE071D}.Release|Any CPU.Build.0 = Release|Any CPU
	EndGlobalSection
	GlobalSection(SolutionProperties) = preSolution
		HideSolutionNode = FALSE
	EndGlobalSection
	GlobalSection(NestedProjects) = preSolution
		{BDFAB88E-F288-4C00-A4F3-D5DD63971FDD} = {B5316BF2-1547-4189-8AA1-82C2C2EBE2C5}
		{B5316BF2-1547-4189-8AA1-82C2C2EBE2C5} = {02EA681E-C7D8-13C7-8484-4AC65E1B71E8}
		{263EEBFB-2618-4E1A-B326-D29237825EF3} = {02EA681E-C7D8-13C7-8484-4AC65E1B71E8}
		{5EA41C12-2A38-4950-9B73-2057DCFA4AA1} = {B5316BF2-1547-4189-8AA1-82C2C2EBE2C5}
		{85E40E3D-1687-4658-A0B2-ADA327718328} = {263EEBFB-2618-4E1A-B326-D29237825EF3}
		{B5202182-9A7D-4B45-AD2E-9C5FA319EB44} = {263EEBFB-2618-4E1A-B326-D29237825EF3}
		{0A4B3D27-5B4D-955C-AFA5-81DF2F79A43F} = {02EA681E-C7D8-13C7-8484-4AC65E1B71E8}
		{20ACBCB5-FD39-418E-9F28-AE0A142A656B} = {7E04FF97-38AE-4DD9-A189-1E470A24853F}
		{8C24F984-EDA9-02C7-3715-7991FF85B7EE} = {02EA681E-C7D8-13C7-8484-4AC65E1B71E8}
		{E7BDE41E-4F60-7BF8-1EAF-A40058BE071D} = {02EA681E-C7D8-13C7-8484-4AC65E1B71E8}
	EndGlobalSection
	GlobalSection(ExtensibilityGlobals) = postSolution
		SolutionGuid = {23DE833E-B1B6-441C-9A05-9ADA4F4CD898}
	EndGlobalSection
EndGlobal
